
Microsoft Visual Studio Solution File, Format Version 12.00
# Visual Studio 15
VisualStudioVersion = 15.0.26403.3
MinimumVisualStudioVersion = 10.0.40219.1
Project("{FAE04EC0-301F-11D3-BF4B-00C04F79EFBC}") = "Rey.Hunter", "Rey.Hunter\Rey.Hunter.csproj", "{BDB35373-AF4E-4DF4-9123-BF5DFEFB517D}"
EndProject
Project("{FAE04EC0-301F-11D3-BF4B-00C04F79EFBC}") = "Rey.Authority", "Rey.Authority\Rey.Authority.csproj", "{B5DC9E47-91E0-47D8-B764-4144B21AF698}"
EndProject
Project("{FAE04EC0-301F-11D3-BF4B-00C04F79EFBC}") = "Rey.Authority.Models", "Rey.Authority.Models\Rey.Authority.Models.csproj", "{2DA8F7EC-9B58-4A5B-848B-6184627B54C2}"
EndProject
Project("{FAE04EC0-301F-11D3-BF4B-00C04F79EFBC}") = "Rey.Mon", "Rey.Mon\Rey.Mon.csproj", "{473A8799-5C81-4B40-8B4B-8AE0E315A319}"
EndProject
Project("{FAE04EC0-301F-11D3-BF4B-00C04F79EFBC}") = "Rey.Identity", "Rey.Identity\Rey.Identity.csproj", "{E8AA754C-EEE8-4287-96DB-9092B327E400}"
EndProject
Project("{FAE04EC0-301F-11D3-BF4B-00C04F79EFBC}") = "Rey.Identity.Mongo", "Rey.Identity.Mongo\Rey.Identity.Mongo.csproj", "{CFC7054A-982F-4975-A4EC-81D791E071B3}"
EndProject
Project("{2150E333-8FDC-42A3-9474-1A3956D46DE8}") = "Infrastructure", "Infrastructure", "{8E3A7227-122D-4906-9926-FCC8BC907470}"
EndProject
Project("{FAE04EC0-301F-11D3-BF4B-00C04F79EFBC}") = "Rey.MvcExtensions", "Rey.MvcExtensions\Rey.MvcExtensions.csproj", "{259E9AE5-4401-4313-AE3C-E8F13E35DB10}"
EndProject
Project("{FAE04EC0-301F-11D3-BF4B-00C04F79EFBC}") = "Rey.Hunter.Models", "Rey.Hunter.Models\Rey.Hunter.Models.csproj", "{E29CEA96-2B8D-4287-A852-7794EF20013B}"
EndProject
Global
	GlobalSection(SolutionConfigurationPlatforms) = preSolution
		Debug|Any CPU = Debug|Any CPU
		Release|Any CPU = Release|Any CPU
	EndGlobalSection
	GlobalSection(ProjectConfigurationPlatforms) = postSolution
		{BDB35373-AF4E-4DF4-9123-BF5DFEFB517D}.Debug|Any CPU.ActiveCfg = Debug|Any CPU
		{BDB35373-AF4E-4DF4-9123-BF5DFEFB517D}.Debug|Any CPU.Build.0 = Debug|Any CPU
		{BDB35373-AF4E-4DF4-9123-BF5DFEFB517D}.Release|Any CPU.ActiveCfg = Release|Any CPU
		{BDB35373-AF4E-4DF4-9123-BF5DFEFB517D}.Release|Any CPU.Build.0 = Release|Any CPU
		{B5DC9E47-91E0-47D8-B764-4144B21AF698}.Debug|Any CPU.ActiveCfg = Debug|Any CPU
		{B5DC9E47-91E0-47D8-B764-4144B21AF698}.Debug|Any CPU.Build.0 = Debug|Any CPU
		{B5DC9E47-91E0-47D8-B764-4144B21AF698}.Release|Any CPU.ActiveCfg = Release|Any CPU
		{B5DC9E47-91E0-47D8-B764-4144B21AF698}.Release|Any CPU.Build.0 = Release|Any CPU
		{2DA8F7EC-9B58-4A5B-848B-6184627B54C2}.Debug|Any CPU.ActiveCfg = Debug|Any CPU
		{2DA8F7EC-9B58-4A5B-848B-6184627B54C2}.Debug|Any CPU.Build.0 = Debug|Any CPU
		{2DA8F7EC-9B58-4A5B-848B-6184627B54C2}.Release|Any CPU.ActiveCfg = Release|Any CPU
		{2DA8F7EC-9B58-4A5B-848B-6184627B54C2}.Release|Any CPU.Build.0 = Release|Any CPU
		{473A8799-5C81-4B40-8B4B-8AE0E315A319}.Debug|Any CPU.ActiveCfg = Debug|Any CPU
		{473A8799-5C81-4B40-8B4B-8AE0E315A319}.Debug|Any CPU.Build.0 = Debug|Any CPU
		{473A8799-5C81-4B40-8B4B-8AE0E315A319}.Release|Any CPU.ActiveCfg = Release|Any CPU
		{473A8799-5C81-4B40-8B4B-8AE0E315A319}.Release|Any CPU.Build.0 = Release|Any CPU
		{E8AA754C-EEE8-4287-96DB-9092B327E400}.Debug|Any CPU.ActiveCfg = Debug|Any CPU
		{E8AA754C-EEE8-4287-96DB-9092B327E400}.Debug|Any CPU.Build.0 = Debug|Any CPU
		{E8AA754C-EEE8-4287-96DB-9092B327E400}.Release|Any CPU.ActiveCfg = Release|Any CPU
		{E8AA754C-EEE8-4287-96DB-9092B327E400}.Release|Any CPU.Build.0 = Release|Any CPU
		{CFC7054A-982F-4975-A4EC-81D791E071B3}.Debug|Any CPU.ActiveCfg = Debug|Any CPU
		{CFC7054A-982F-4975-A4EC-81D791E071B3}.Debug|Any CPU.Build.0 = Debug|Any CPU
		{CFC7054A-982F-4975-A4EC-81D791E071B3}.Release|Any CPU.ActiveCfg = Release|Any CPU
		{CFC7054A-982F-4975-A4EC-81D791E071B3}.Release|Any CPU.Build.0 = Release|Any CPU
		{259E9AE5-4401-4313-AE3C-E8F13E35DB10}.Debug|Any CPU.ActiveCfg = Debug|Any CPU
		{259E9AE5-4401-4313-AE3C-E8F13E35DB10}.Debug|Any CPU.Build.0 = Debug|Any CPU
		{259E9AE5-4401-4313-AE3C-E8F13E35DB10}.Release|Any CPU.ActiveCfg = Release|Any CPU
		{259E9AE5-4401-4313-AE3C-E8F13E35DB10}.Release|Any CPU.Build.0 = Release|Any CPU
		{E29CEA96-2B8D-4287-A852-7794EF20013B}.Debug|Any CPU.ActiveCfg = Debug|Any CPU
		{E29CEA96-2B8D-4287-A852-7794EF20013B}.Debug|Any CPU.Build.0 = Debug|Any CPU
		{E29CEA96-2B8D-4287-A852-7794EF20013B}.Release|Any CPU.ActiveCfg = Release|Any CPU
		{E29CEA96-2B8D-4287-A852-7794EF20013B}.Release|Any CPU.Build.0 = Release|Any CPU
	EndGlobalSection
	GlobalSection(SolutionProperties) = preSolution
		HideSolutionNode = FALSE
	EndGlobalSection
	GlobalSection(NestedProjects) = preSolution
		{B5DC9E47-91E0-47D8-B764-4144B21AF698} = {8E3A7227-122D-4906-9926-FCC8BC907470}
		{2DA8F7EC-9B58-4A5B-848B-6184627B54C2} = {8E3A7227-122D-4906-9926-FCC8BC907470}
		{473A8799-5C81-4B40-8B4B-8AE0E315A319} = {8E3A7227-122D-4906-9926-FCC8BC907470}
		{E8AA754C-EEE8-4287-96DB-9092B327E400} = {8E3A7227-122D-4906-9926-FCC8BC907470}
		{CFC7054A-982F-4975-A4EC-81D791E071B3} = {8E3A7227-122D-4906-9926-FCC8BC907470}
	EndGlobalSection
EndGlobal
