
Microsoft Visual Studio Solution File, Format Version 12.00
# Visual Studio 15
VisualStudioVersion = 15.0.26430.16
MinimumVisualStudioVersion = 10.0.40219.1
Project("{9A19103F-16F7-4668-BE54-9A1E7A4F7556}") = "Rey.Hunter", "Rey.Hunter\Rey.Hunter.csproj", "{BDB35373-AF4E-4DF4-9123-BF5DFEFB517D}"
EndProject
Project("{9A19103F-16F7-4668-BE54-9A1E7A4F7556}") = "Rey.Authority", "Rey.Authority\Rey.Authority.csproj", "{B5DC9E47-91E0-47D8-B764-4144B21AF698}"
EndProject
Project("{9A19103F-16F7-4668-BE54-9A1E7A4F7556}") = "Rey.Authority.Models", "Rey.Authority.Models\Rey.Authority.Models.csproj", "{2DA8F7EC-9B58-4A5B-848B-6184627B54C2}"
EndProject
Project("{9A19103F-16F7-4668-BE54-9A1E7A4F7556}") = "Rey.Mon", "Rey.Mon\Rey.Mon.csproj", "{473A8799-5C81-4B40-8B4B-8AE0E315A319}"
EndProject
Project("{9A19103F-16F7-4668-BE54-9A1E7A4F7556}") = "Rey.Identity", "Rey.Identity\Rey.Identity.csproj", "{E8AA754C-EEE8-4287-96DB-9092B327E400}"
EndProject
Project("{9A19103F-16F7-4668-BE54-9A1E7A4F7556}") = "Rey.Identity.Mongo", "Rey.Identity.Mongo\Rey.Identity.Mongo.csproj", "{CFC7054A-982F-4975-A4EC-81D791E071B3}"
EndProject
Project("{2150E333-8FDC-42A3-9474-1A3956D46DE8}") = "Infrastructure", "Infrastructure", "{8E3A7227-122D-4906-9926-FCC8BC907470}"
EndProject
Project("{9A19103F-16F7-4668-BE54-9A1E7A4F7556}") = "Rey.Hunter.Models", "Rey.Hunter.Models\Rey.Hunter.Models.csproj", "{E29CEA96-2B8D-4287-A852-7794EF20013B}"
EndProject
Project("{9A19103F-16F7-4668-BE54-9A1E7A4F7556}") = "Rey.Hunter.Extensions", "Rey.Hunter.Extensions\Rey.Hunter.Extensions.csproj", "{4D739A7B-09FD-44B5-98C6-D70D49AC1469}"
EndProject
Project("{9A19103F-16F7-4668-BE54-9A1E7A4F7556}") = "Rey.Hunter.TagHelpers", "Rey.Hunter.TagHelpers\Rey.Hunter.TagHelpers.csproj", "{99A4D105-3E94-4B72-9272-C1881BE14179}"
EndProject
Project("{9A19103F-16F7-4668-BE54-9A1E7A4F7556}") = "Rey.Hunter.Models2", "Rey.Hunter.Models2\Rey.Hunter.Models2.csproj", "{75993240-B3EA-4630-9F8A-A0E99C5AA95C}"
EndProject
Project("{9A19103F-16F7-4668-BE54-9A1E7A4F7556}") = "Rey.Hunter.Repository", "Rey.Hunter.Repository\Rey.Hunter.Repository.csproj", "{B97787B2-B64E-424A-8DA6-2EF59CA75EED}"
EndProject
Project("{2150E333-8FDC-42A3-9474-1A3956D46DE8}") = "test", "test", "{289E8533-B628-4B35-8ED2-F8EBAB352AB8}"
EndProject
Project("{2150E333-8FDC-42A3-9474-1A3956D46DE8}") = "src", "src", "{5D7D7714-80B4-4169-922E-AD50B3EB7090}"
EndProject
Project("{9A19103F-16F7-4668-BE54-9A1E7A4F7556}") = "Rey.Hunter.Repository.Test", "Rey.Hunter.Repository.Test\Rey.Hunter.Repository.Test.csproj", "{2CCC5079-5799-496C-B290-CC1B0D1A06C4}"
EndProject
Project("{2150E333-8FDC-42A3-9474-1A3956D46DE8}") = "tools", "tools", "{622B76FE-3BE5-4521-B6F7-C1BC6E0ED710}"
EndProject
Project("{9A19103F-16F7-4668-BE54-9A1E7A4F7556}") = "Rey.Hunter.Importer", "Rey.Hunter.Importer\Rey.Hunter.Importer.csproj", "{FA01DB13-19D4-4725-91DC-64ACCA7BD810}"
EndProject
Project("{FAE04EC0-301F-11D3-BF4B-00C04F79EFBC}") = "Rey.Hunter.Importation", "Rey.Hunter.Importation\Rey.Hunter.Importation.csproj", "{9939446B-5C58-4D6C-80A2-BE6A78B330D7}"
EndProject
Global
	GlobalSection(SolutionConfigurationPlatforms) = preSolution
		Debug|Any CPU = Debug|Any CPU
		Release|Any CPU = Release|Any CPU
	EndGlobalSection
	GlobalSection(ProjectConfigurationPlatforms) = postSolution
		{BDB35373-AF4E-4DF4-9123-BF5DFEFB517D}.Debug|Any CPU.ActiveCfg = Debug|Any CPU
		{BDB35373-AF4E-4DF4-9123-BF5DFEFB517D}.Debug|Any CPU.Build.0 = Debug|Any CPU
		{BDB35373-AF4E-4DF4-9123-BF5DFEFB517D}.Release|Any CPU.ActiveCfg = Release|Any CPU
		{BDB35373-AF4E-4DF4-9123-BF5DFEFB517D}.Release|Any CPU.Build.0 = Release|Any CPU
		{B5DC9E47-91E0-47D8-B764-4144B21AF698}.Debug|Any CPU.ActiveCfg = Debug|Any CPU
		{B5DC9E47-91E0-47D8-B764-4144B21AF698}.Debug|Any CPU.Build.0 = Debug|Any CPU
		{B5DC9E47-91E0-47D8-B764-4144B21AF698}.Release|Any CPU.ActiveCfg = Release|Any CPU
		{B5DC9E47-91E0-47D8-B764-4144B21AF698}.Release|Any CPU.Build.0 = Release|Any CPU
		{2DA8F7EC-9B58-4A5B-848B-6184627B54C2}.Debug|Any CPU.ActiveCfg = Debug|Any CPU
		{2DA8F7EC-9B58-4A5B-848B-6184627B54C2}.Debug|Any CPU.Build.0 = Debug|Any CPU
		{2DA8F7EC-9B58-4A5B-848B-6184627B54C2}.Release|Any CPU.ActiveCfg = Release|Any CPU
		{2DA8F7EC-9B58-4A5B-848B-6184627B54C2}.Release|Any CPU.Build.0 = Release|Any CPU
		{473A8799-5C81-4B40-8B4B-8AE0E315A319}.Debug|Any CPU.ActiveCfg = Debug|Any CPU
		{473A8799-5C81-4B40-8B4B-8AE0E315A319}.Debug|Any CPU.Build.0 = Debug|Any CPU
		{473A8799-5C81-4B40-8B4B-8AE0E315A319}.Release|Any CPU.ActiveCfg = Release|Any CPU
		{473A8799-5C81-4B40-8B4B-8AE0E315A319}.Release|Any CPU.Build.0 = Release|Any CPU
		{E8AA754C-EEE8-4287-96DB-9092B327E400}.Debug|Any CPU.ActiveCfg = Debug|Any CPU
		{E8AA754C-EEE8-4287-96DB-9092B327E400}.Debug|Any CPU.Build.0 = Debug|Any CPU
		{E8AA754C-EEE8-4287-96DB-9092B327E400}.Release|Any CPU.ActiveCfg = Release|Any CPU
		{E8AA754C-EEE8-4287-96DB-9092B327E400}.Release|Any CPU.Build.0 = Release|Any CPU
		{CFC7054A-982F-4975-A4EC-81D791E071B3}.Debug|Any CPU.ActiveCfg = Debug|Any CPU
		{CFC7054A-982F-4975-A4EC-81D791E071B3}.Debug|Any CPU.Build.0 = Debug|Any CPU
		{CFC7054A-982F-4975-A4EC-81D791E071B3}.Release|Any CPU.ActiveCfg = Release|Any CPU
		{CFC7054A-982F-4975-A4EC-81D791E071B3}.Release|Any CPU.Build.0 = Release|Any CPU
		{E29CEA96-2B8D-4287-A852-7794EF20013B}.Debug|Any CPU.ActiveCfg = Debug|Any CPU
		{E29CEA96-2B8D-4287-A852-7794EF20013B}.Debug|Any CPU.Build.0 = Debug|Any CPU
		{E29CEA96-2B8D-4287-A852-7794EF20013B}.Release|Any CPU.ActiveCfg = Release|Any CPU
		{E29CEA96-2B8D-4287-A852-7794EF20013B}.Release|Any CPU.Build.0 = Release|Any CPU
		{4D739A7B-09FD-44B5-98C6-D70D49AC1469}.Debug|Any CPU.ActiveCfg = Debug|Any CPU
		{4D739A7B-09FD-44B5-98C6-D70D49AC1469}.Debug|Any CPU.Build.0 = Debug|Any CPU
		{4D739A7B-09FD-44B5-98C6-D70D49AC1469}.Release|Any CPU.ActiveCfg = Release|Any CPU
		{4D739A7B-09FD-44B5-98C6-D70D49AC1469}.Release|Any CPU.Build.0 = Release|Any CPU
		{99A4D105-3E94-4B72-9272-C1881BE14179}.Debug|Any CPU.ActiveCfg = Debug|Any CPU
		{99A4D105-3E94-4B72-9272-C1881BE14179}.Debug|Any CPU.Build.0 = Debug|Any CPU
		{99A4D105-3E94-4B72-9272-C1881BE14179}.Release|Any CPU.ActiveCfg = Release|Any CPU
		{99A4D105-3E94-4B72-9272-C1881BE14179}.Release|Any CPU.Build.0 = Release|Any CPU
		{75993240-B3EA-4630-9F8A-A0E99C5AA95C}.Debug|Any CPU.ActiveCfg = Debug|Any CPU
		{75993240-B3EA-4630-9F8A-A0E99C5AA95C}.Debug|Any CPU.Build.0 = Debug|Any CPU
		{75993240-B3EA-4630-9F8A-A0E99C5AA95C}.Release|Any CPU.ActiveCfg = Release|Any CPU
		{75993240-B3EA-4630-9F8A-A0E99C5AA95C}.Release|Any CPU.Build.0 = Release|Any CPU
		{B97787B2-B64E-424A-8DA6-2EF59CA75EED}.Debug|Any CPU.ActiveCfg = Debug|Any CPU
		{B97787B2-B64E-424A-8DA6-2EF59CA75EED}.Debug|Any CPU.Build.0 = Debug|Any CPU
		{B97787B2-B64E-424A-8DA6-2EF59CA75EED}.Release|Any CPU.ActiveCfg = Release|Any CPU
		{B97787B2-B64E-424A-8DA6-2EF59CA75EED}.Release|Any CPU.Build.0 = Release|Any CPU
		{2CCC5079-5799-496C-B290-CC1B0D1A06C4}.Debug|Any CPU.ActiveCfg = Debug|Any CPU
		{2CCC5079-5799-496C-B290-CC1B0D1A06C4}.Debug|Any CPU.Build.0 = Debug|Any CPU
		{2CCC5079-5799-496C-B290-CC1B0D1A06C4}.Release|Any CPU.ActiveCfg = Release|Any CPU
		{2CCC5079-5799-496C-B290-CC1B0D1A06C4}.Release|Any CPU.Build.0 = Release|Any CPU
		{FA01DB13-19D4-4725-91DC-64ACCA7BD810}.Debug|Any CPU.ActiveCfg = Debug|Any CPU
		{FA01DB13-19D4-4725-91DC-64ACCA7BD810}.Debug|Any CPU.Build.0 = Debug|Any CPU
		{FA01DB13-19D4-4725-91DC-64ACCA7BD810}.Release|Any CPU.ActiveCfg = Release|Any CPU
		{FA01DB13-19D4-4725-91DC-64ACCA7BD810}.Release|Any CPU.Build.0 = Release|Any CPU
		{9939446B-5C58-4D6C-80A2-BE6A78B330D7}.Debug|Any CPU.ActiveCfg = Debug|Any CPU
		{9939446B-5C58-4D6C-80A2-BE6A78B330D7}.Debug|Any CPU.Build.0 = Debug|Any CPU
		{9939446B-5C58-4D6C-80A2-BE6A78B330D7}.Release|Any CPU.ActiveCfg = Release|Any CPU
		{9939446B-5C58-4D6C-80A2-BE6A78B330D7}.Release|Any CPU.Build.0 = Release|Any CPU
	EndGlobalSection
	GlobalSection(SolutionProperties) = preSolution
		HideSolutionNode = FALSE
	EndGlobalSection
	GlobalSection(NestedProjects) = preSolution
		{BDB35373-AF4E-4DF4-9123-BF5DFEFB517D} = {5D7D7714-80B4-4169-922E-AD50B3EB7090}
		{B5DC9E47-91E0-47D8-B764-4144B21AF698} = {8E3A7227-122D-4906-9926-FCC8BC907470}
		{2DA8F7EC-9B58-4A5B-848B-6184627B54C2} = {8E3A7227-122D-4906-9926-FCC8BC907470}
		{473A8799-5C81-4B40-8B4B-8AE0E315A319} = {8E3A7227-122D-4906-9926-FCC8BC907470}
		{E8AA754C-EEE8-4287-96DB-9092B327E400} = {8E3A7227-122D-4906-9926-FCC8BC907470}
		{CFC7054A-982F-4975-A4EC-81D791E071B3} = {8E3A7227-122D-4906-9926-FCC8BC907470}
		{8E3A7227-122D-4906-9926-FCC8BC907470} = {5D7D7714-80B4-4169-922E-AD50B3EB7090}
		{E29CEA96-2B8D-4287-A852-7794EF20013B} = {5D7D7714-80B4-4169-922E-AD50B3EB7090}
		{4D739A7B-09FD-44B5-98C6-D70D49AC1469} = {5D7D7714-80B4-4169-922E-AD50B3EB7090}
		{99A4D105-3E94-4B72-9272-C1881BE14179} = {5D7D7714-80B4-4169-922E-AD50B3EB7090}
		{75993240-B3EA-4630-9F8A-A0E99C5AA95C} = {5D7D7714-80B4-4169-922E-AD50B3EB7090}
		{B97787B2-B64E-424A-8DA6-2EF59CA75EED} = {5D7D7714-80B4-4169-922E-AD50B3EB7090}
		{2CCC5079-5799-496C-B290-CC1B0D1A06C4} = {289E8533-B628-4B35-8ED2-F8EBAB352AB8}
		{FA01DB13-19D4-4725-91DC-64ACCA7BD810} = {622B76FE-3BE5-4521-B6F7-C1BC6E0ED710}
		{9939446B-5C58-4D6C-80A2-BE6A78B330D7} = {622B76FE-3BE5-4521-B6F7-C1BC6E0ED710}
	EndGlobalSection
EndGlobal
